{
  "name": "network",
  "version": "0.1.0",
  "lockfileVersion": 1,
  "requires": true,
  "dependencies": {
    "@bazel/bazelisk": {
      "version": "1.6.1",
      "resolved": "https://registry.npmjs.org/@bazel/bazelisk/-/bazelisk-1.6.1.tgz",
      "integrity": "sha512-2JpfZb6eYCGrdLdUJamncIpI4pgEAhPURYGg+rCgqoZDJxzADuOnpf/00dEBXPM2XByXNXTqsKEFN2gTaZz2mA==",
      "dev": true
    },
    "@bazel/buildifier": {
      "version": "3.4.0",
      "resolved": "https://registry.npmjs.org/@bazel/buildifier/-/buildifier-3.4.0.tgz",
      "integrity": "sha512-TdugkgxAIxSyXSBZcLlntQKJ/rGV3LSMjlYuvRr3YtQBn/2sIfpHX0dcNZ7zdCPkev9cK0kpEs42MkmKHY9peQ==",
      "dev": true
    },
    "@bazel/ibazel": {
      "version": "0.13.1",
      "resolved": "https://registry.npmjs.org/@bazel/ibazel/-/ibazel-0.13.1.tgz",
      "integrity": "sha512-FO1hBKpzpeBL0adnFYF2Dwl/7gox6ccKM6bb+x26AXrQpLbinXPuTi4zeXRL/MW4383mF6i4RovLCmwUU/YW0w==",
      "dev": true
    }
  }
}
